{
  "name": "p5-showcase",
  "lockfileVersion": 2,
  "requires": true,
  "packages": {
    "": {
      "dependencies": {
        "@fontsource/antonio": "^4.5.8",
        "p5": "^1.4.2"
      }
    },
    "node_modules/@fontsource/antonio": {
      "version": "4.5.8",
      "resolved": "https://registry.npmjs.org/@fontsource/antonio/-/antonio-4.5.8.tgz",
      "integrity": "sha512-y12F42n85Yrxf5ilsa1w7DZTsHi0n1t9upJqSkOAt4xxma7ENrTTXK+0taczo+phTtO6YMJBH2P17q8Fo6tw4A=="
    },
    "node_modules/p5": {
      "version": "1.4.2",
      "resolved": "https://registry.npmjs.org/p5/-/p5-1.4.2.tgz",
      "integrity": "sha512-J5zqZ/l1NIbJSuNr/FH9nDYgBRg7/NubStNPnx1fQCMSAgxI6peKDHs9i5iaG9EuwbJzjuG6/5bX/D0lqqrP9A=="
    }
  },
  "dependencies": {
    "@fontsource/antonio": {
      "version": "4.5.8",
      "resolved": "https://registry.npmjs.org/@fontsource/antonio/-/antonio-4.5.8.tgz",
      "integrity": "sha512-y12F42n85Yrxf5ilsa1w7DZTsHi0n1t9upJqSkOAt4xxma7ENrTTXK+0taczo+phTtO6YMJBH2P17q8Fo6tw4A=="
    },
    "p5": {
      "version": "1.4.2",
      "resolved": "https://registry.npmjs.org/p5/-/p5-1.4.2.tgz",
      "integrity": "sha512-J5zqZ/l1NIbJSuNr/FH9nDYgBRg7/NubStNPnx1fQCMSAgxI6peKDHs9i5iaG9EuwbJzjuG6/5bX/D0lqqrP9A=="
    }
  }
}
